<?xml version="1.0" encoding="utf-8"?>
<Project ToolsVersion="4.0" xmlns="http://schemas.microsoft.com/developer/msbuild/2003">
  <ItemGroup>
    <Filter Include="circularDependency">
      <UniqueIdentifier>{B982208C-A566-E1E1-0EC7-DB34FAC9CB63}</UniqueIdentifier>
    </Filter>
    <Filter Include="constants">
      <UniqueIdentifier>{6215F996-CE7F-AD0D-17BE-5EB383678B62}</UniqueIdentifier>
    </Filter>
    <Filter Include="errors">
      <UniqueIdentifier>{4260C7FB-2E02-F2D1-17BD-052603FE7822}</UniqueIdentifier>
    </Filter>
    <Filter Include="token">
      <UniqueIdentifier>{46CD7010-B2E1-98C1-7B63-3C21E73695F2}</UniqueIdentifier>
    </Filter>
  </ItemGroup>
  <ItemGroup>
    <ClInclude Include="circularDependency\CircularDependencyConfig.hpp">
      <Filter>circularDependency</Filter>
    </ClInclude>
    <ClInclude Include="circularDependency\CircularDependencyDetector.hpp">
      <Filter>circularDependency</Filter>
    </ClInclude>
    <ClInclude Include="circularDependency\CircularDependencyException.hpp">
      <Filter>circularDependency</Filter>
    </ClInclude>
    <ClInclude Include="circularDependency\DependencyPatternAnalyzer.hpp">
      <Filter>circularDependency</Filter>
    </ClInclude>
    <ClInclude Include="circularDependency\DependencyScope.hpp">
      <Filter>circularDependency</Filter>
    </ClInclude>
    <ClInclude Include="circularDependency\DependencyType.hpp">
      <Filter>circularDependency</Filter>
    </ClInclude>
    <ClInclude Include="circularDependency\DependencyTypeUtils.hpp">
      <Filter>circularDependency</Filter>
    </ClInclude>
    <ClInclude Include="circularDependency\DepthLimitException.hpp">
      <Filter>circularDependency</Filter>
    </ClInclude>
    <ClInclude Include="circularDependency\TrueCyclicException.hpp">
      <Filter>circularDependency</Filter>
    </ClInclude>
    <ClInclude Include="constants\ExceptionConstants.hpp">
      <Filter>constants</Filter>
    </ClInclude>
    <ClInclude Include="constants\ExecutionMode.hpp">
      <Filter>constants</Filter>
    </ClInclude>
    <ClInclude Include="constants\LambdaConstants.hpp">
      <Filter>constants</Filter>
    </ClInclude>
    <ClInclude Include="constants\SecurityConstants.hpp">
      <Filter>constants</Filter>
    </ClInclude>
    <ClInclude Include="errors\SourceLocation.hpp">
      <Filter>errors</Filter>
    </ClInclude>
    <ClInclude Include="token\Token.hpp">
      <Filter>token</Filter>
    </ClInclude>
    <ClInclude Include="token\TokenType.hpp">
      <Filter>token</Filter>
    </ClInclude>
  </ItemGroup>
  <ItemGroup>
    <ClCompile Include="circularDependency\CircularDependencyDetector.cpp">
      <Filter>circularDependency</Filter>
    </ClCompile>
    <ClCompile Include="circularDependency\DependencyPatternAnalyzer.cpp">
      <Filter>circularDependency</Filter>
    </ClCompile>
    <ClCompile Include="circularDependency\DependencyTypeUtils.cpp">
      <Filter>circularDependency</Filter>
    </ClCompile>
  </ItemGroup>
</Project>