<?xml version="1.0" encoding="utf-8"?>
<Project ToolsVersion="4.0" xmlns="http://schemas.microsoft.com/developer/msbuild/2003">
  <ItemGroup>
    <Filter Include="runtime">
      <UniqueIdentifier>{692D2264-D50C-A1FF-DE24-2CD64A830761}</UniqueIdentifier>
    </Filter>
    <Filter Include="vm">
      <UniqueIdentifier>{E8795900-D405-880B-3DB4-880B295F880B}</UniqueIdentifier>
    </Filter>
    <Filter Include="vm\bytecode">
      <UniqueIdentifier>{4656EA68-B20B-635E-3B00-5D35A7B45962}</UniqueIdentifier>
    </Filter>
    <Filter Include="vm\compiler">
      <UniqueIdentifier>{72FADB43-DEAF-5439-67A4-4E10D3584B3D}</UniqueIdentifier>
    </Filter>
    <Filter Include="vm\compiler\analysis">
      <UniqueIdentifier>{856A25CE-71F9-AE97-1A18-C3920686BF3D}</UniqueIdentifier>
    </Filter>
    <Filter Include="vm\compiler\control">
      <UniqueIdentifier>{42957084-AEF6-4D92-3764-9444A3C48451}</UniqueIdentifier>
    </Filter>
    <Filter Include="vm\compiler\emission">
      <UniqueIdentifier>{C8FD5645-B48C-E00E-5DAB-F4094919F1B4}</UniqueIdentifier>
    </Filter>
    <Filter Include="vm\compiler\optimization">
      <UniqueIdentifier>{28265499-144B-A319-3D96-88A9291AA237}</UniqueIdentifier>
    </Filter>
    <Filter Include="vm\compiler\overload">
      <UniqueIdentifier>{5DF74A2B-4986-D4F4-F2A4-E8EFDE12E59A}</UniqueIdentifier>
    </Filter>
    <Filter Include="vm\compiler\registration">
      <UniqueIdentifier>{5C6A4B02-488F-9A82-71DA-7F125D5E99A0}</UniqueIdentifier>
    </Filter>
    <Filter Include="vm\compiler\types">
      <UniqueIdentifier>{B65BF898-2272-F62E-6BE9-8150D73EC7B6}</UniqueIdentifier>
    </Filter>
    <Filter Include="vm\compiler\validation">
      <UniqueIdentifier>{EC975F65-D891-88B7-C1FE-1EC8AD97EE23}</UniqueIdentifier>
    </Filter>
    <Filter Include="vm\compiler\variables">
      <UniqueIdentifier>{9A2C9335-0699-4E30-CF8C-E68D3BB87098}</UniqueIdentifier>
    </Filter>
    <Filter Include="vm\compiler\visitors">
      <UniqueIdentifier>{44756CD8-3004-F6A1-D922-0A9DC5900648}</UniqueIdentifier>
    </Filter>
    <Filter Include="vm\optimization">
      <UniqueIdentifier>{5E952225-CA20-90E9-D331-13DE3F3CECE9}</UniqueIdentifier>
    </Filter>
    <Filter Include="vm\optimization\analysis">
      <UniqueIdentifier>{F10E3793-DD33-8613-067F-6BA3F2028531}</UniqueIdentifier>
    </Filter>
    <Filter Include="vm\optimization\patterns">
      <UniqueIdentifier>{1E3F35AF-0A64-842F-33AF-69BF1F33834D}</UniqueIdentifier>
    </Filter>
    <Filter Include="vm\profiler">
      <UniqueIdentifier>{5ADC172E-C691-9023-4F86-8AFABB3A8727}</UniqueIdentifier>
    </Filter>
    <Filter Include="vm\runtime">
      <UniqueIdentifier>{3B87016C-273F-43B9-9046-1C157C1DDEA9}</UniqueIdentifier>
    </Filter>
    <Filter Include="vm\runtime\context">
      <UniqueIdentifier>{EFA41685-DB88-D7DA-44E9-D12D30ECC15C}</UniqueIdentifier>
    </Filter>
    <Filter Include="vm\runtime\executors">
      <UniqueIdentifier>{8C754881-7804-D24A-2123-E6450D91E2F0}</UniqueIdentifier>
    </Filter>
    <Filter Include="vm\runtime\optimization">
      <UniqueIdentifier>{91718ABA-FDA8-D251-06B3-36757269F94A}</UniqueIdentifier>
    </Filter>
    <Filter Include="vm\runtime\stack">
      <UniqueIdentifier>{C0847BD2-AC7D-9A24-D5AF-7FA9C1077A30}</UniqueIdentifier>
    </Filter>
    <Filter Include="vm\runtime\utils">
      <UniqueIdentifier>{FBD89FD2-E7D1-BE24-1004-A4A9FC5B9E30}</UniqueIdentifier>
    </Filter>
    <Filter Include="vm\runtime\validation">
      <UniqueIdentifier>{15F58992-8161-458D-4A55-DDEAB68067F5}</UniqueIdentifier>
    </Filter>
  </ItemGroup>
  <ItemGroup>
    <ClInclude Include="runtime\EventLoop.hpp">
      <Filter>runtime</Filter>
    </ClInclude>
    <ClInclude Include="vm\MethodSignature.hpp">
      <Filter>vm</Filter>
    </ClInclude>
    <ClInclude Include="vm\bytecode\BytecodeIOHelper.hpp">
      <Filter>vm\bytecode</Filter>
    </ClInclude>
    <ClInclude Include="vm\bytecode\BytecodeProgram.hpp">
      <Filter>vm\bytecode</Filter>
    </ClInclude>
    <ClInclude Include="vm\bytecode\ExceptionTable.hpp">
      <Filter>vm\bytecode</Filter>
    </ClInclude>
    <ClInclude Include="vm\bytecode\OpCode.hpp">
      <Filter>vm\bytecode</Filter>
    </ClInclude>
    <ClInclude Include="vm\compiler\BytecodeCompiler.hpp">
      <Filter>vm\compiler</Filter>
    </ClInclude>
    <ClInclude Include="vm\compiler\ImportHelper.hpp">
      <Filter>vm\compiler</Filter>
    </ClInclude>
    <ClInclude Include="vm\compiler\analysis\DefiniteAssignmentAnalyzer.hpp">
      <Filter>vm\compiler\analysis</Filter>
    </ClInclude>
    <ClInclude Include="vm\compiler\analysis\NestedReferenceCollector.hpp">
      <Filter>vm\compiler\analysis</Filter>
    </ClInclude>
    <ClInclude Include="vm\compiler\control\ExceptionContextManager.hpp">
      <Filter>vm\compiler\control</Filter>
    </ClInclude>
    <ClInclude Include="vm\compiler\control\LoopContextManager.hpp">
      <Filter>vm\compiler\control</Filter>
    </ClInclude>
    <ClInclude Include="vm\compiler\control\SwitchContextManager.hpp">
      <Filter>vm\compiler\control</Filter>
    </ClInclude>
    <ClInclude Include="vm\compiler\emission\BytecodeEmitter.hpp">
      <Filter>vm\compiler\emission</Filter>
    </ClInclude>
    <ClInclude Include="vm\compiler\optimization\PrimitiveMethodOptimizer.hpp">
      <Filter>vm\compiler\optimization</Filter>
    </ClInclude>
    <ClInclude Include="vm\compiler\overload\OverloadResolutionHelper.hpp">
      <Filter>vm\compiler\overload</Filter>
    </ClInclude>
    <ClInclude Include="vm\compiler\overload\OverloadResolver.hpp">
      <Filter>vm\compiler\overload</Filter>
    </ClInclude>
    <ClInclude Include="vm\compiler\registration\AnnotationRetention.hpp">
      <Filter>vm\compiler\registration</Filter>
    </ClInclude>
    <ClInclude Include="vm\compiler\registration\ClassInheritanceValidator.hpp">
      <Filter>vm\compiler\registration</Filter>
    </ClInclude>
    <ClInclude Include="vm\compiler\registration\ClassRegistrar.hpp">
      <Filter>vm\compiler\registration</Filter>
    </ClInclude>
    <ClInclude Include="vm\compiler\registration\FunctionRegistrar.hpp">
      <Filter>vm\compiler\registration</Filter>
    </ClInclude>
    <ClInclude Include="vm\compiler\registration\InterfaceRegistrar.hpp">
      <Filter>vm\compiler\registration</Filter>
    </ClInclude>
    <ClInclude Include="vm\compiler\types\ExpectedTypeContext.hpp">
      <Filter>vm\compiler\types</Filter>
    </ClInclude>
    <ClInclude Include="vm\compiler\types\GenericPatternAnalyzer.hpp">
      <Filter>vm\compiler\types</Filter>
    </ClInclude>
    <ClInclude Include="vm\compiler\types\NullNarrowingTracker.hpp">
      <Filter>vm\compiler\types</Filter>
    </ClInclude>
    <ClInclude Include="vm\compiler\types\TypeInferenceEngine.hpp">
      <Filter>vm\compiler\types</Filter>
    </ClInclude>
    <ClInclude Include="vm\compiler\types\TypeValidator.hpp">
      <Filter>vm\compiler\types</Filter>
    </ClInclude>
    <ClInclude Include="vm\compiler\validation\CompileTimeValidator.hpp">
      <Filter>vm\compiler\validation</Filter>
    </ClInclude>
    <ClInclude Include="vm\compiler\validation\FieldInitializationValidator.hpp">
      <Filter>vm\compiler\validation</Filter>
    </ClInclude>
    <ClInclude Include="vm\compiler\validation\ReturnPathValidator.hpp">
      <Filter>vm\compiler\validation</Filter>
    </ClInclude>
    <ClInclude Include="vm\compiler\variables\FunctionFrameManager.hpp">
      <Filter>vm\compiler\variables</Filter>
    </ClInclude>
    <ClInclude Include="vm\compiler\variables\GlobalVariableRegistry.hpp">
      <Filter>vm\compiler\variables</Filter>
    </ClInclude>
    <ClInclude Include="vm\compiler\variables\VariableTracker.hpp">
      <Filter>vm\compiler\variables</Filter>
    </ClInclude>
    <ClInclude Include="vm\compiler\visitors\ArrayCompiler.hpp">
      <Filter>vm\compiler\visitors</Filter>
    </ClInclude>
    <ClInclude Include="vm\compiler\visitors\ClassCompiler.hpp">
      <Filter>vm\compiler\visitors</Filter>
    </ClInclude>
    <ClInclude Include="vm\compiler\visitors\CompilerContext.hpp">
      <Filter>vm\compiler\visitors</Filter>
    </ClInclude>
    <ClInclude Include="vm\compiler\visitors\ControlFlowCompiler.hpp">
      <Filter>vm\compiler\visitors</Filter>
    </ClInclude>
    <ClInclude Include="vm\compiler\visitors\ExpressionCompiler.hpp">
      <Filter>vm\compiler\visitors</Filter>
    </ClInclude>
    <ClInclude Include="vm\compiler\visitors\FunctionCallHelper.hpp">
      <Filter>vm\compiler\visitors</Filter>
    </ClInclude>
    <ClInclude Include="vm\compiler\visitors\FunctionCompiler.hpp">
      <Filter>vm\compiler\visitors</Filter>
    </ClInclude>
    <ClInclude Include="vm\compiler\visitors\GenericScopeHelper.hpp">
      <Filter>vm\compiler\visitors</Filter>
    </ClInclude>
    <ClInclude Include="vm\compiler\visitors\LiteralCompiler.hpp">
      <Filter>vm\compiler\visitors</Filter>
    </ClInclude>
    <ClInclude Include="vm\compiler\visitors\MethodCompilerHelper.hpp">
      <Filter>vm\compiler\visitors</Filter>
    </ClInclude>
    <ClInclude Include="vm\compiler\visitors\ParameterValidator.hpp">
      <Filter>vm\compiler\visitors</Filter>
    </ClInclude>
    <ClInclude Include="vm\compiler\visitors\StatementCompiler.hpp">
      <Filter>vm\compiler\visitors</Filter>
    </ClInclude>
    <ClInclude Include="vm\compiler\visitors\TryStatementHelper.hpp">
      <Filter>vm\compiler\visitors</Filter>
    </ClInclude>
    <ClInclude Include="vm\optimization\InlineAnalysis.hpp">
      <Filter>vm\optimization</Filter>
    </ClInclude>
    <ClInclude Include="vm\optimization\OptimizationPattern.hpp">
      <Filter>vm\optimization</Filter>
    </ClInclude>
    <ClInclude Include="vm\optimization\PeepholeOptimizer.hpp">
      <Filter>vm\optimization</Filter>
    </ClInclude>
    <ClInclude Include="vm\optimization\analysis\ControlFlowAnalyzer.hpp">
      <Filter>vm\optimization\analysis</Filter>
    </ClInclude>
    <ClInclude Include="vm\optimization\analysis\DataFlowAnalyzer.hpp">
      <Filter>vm\optimization\analysis</Filter>
    </ClInclude>
    <ClInclude Include="vm\optimization\analysis\JumpTargetTracker.hpp">
      <Filter>vm\optimization\analysis</Filter>
    </ClInclude>
    <ClInclude Include="vm\optimization\patterns\AbstractClassPattern.hpp">
      <Filter>vm\optimization\patterns</Filter>
    </ClInclude>
    <ClInclude Include="vm\optimization\patterns\AlgebraicSimplificationPattern.hpp">
      <Filter>vm\optimization\patterns</Filter>
    </ClInclude>
    <ClInclude Include="vm\optimization\patterns\ConstantFoldingPattern.hpp">
      <Filter>vm\optimization\patterns</Filter>
    </ClInclude>
    <ClInclude Include="vm\optimization\patterns\DeadCodePattern.hpp">
      <Filter>vm\optimization\patterns</Filter>
    </ClInclude>
    <ClInclude Include="vm\optimization\patterns\JumpThreadingPattern.hpp">
      <Filter>vm\optimization\patterns</Filter>
    </ClInclude>
    <ClInclude Include="vm\optimization\patterns\NullSequencePattern.hpp">
      <Filter>vm\optimization\patterns</Filter>
    </ClInclude>
    <ClInclude Include="vm\optimization\patterns\PatternSafetyHelper.hpp">
      <Filter>vm\optimization\patterns</Filter>
    </ClInclude>
    <ClInclude Include="vm\optimization\patterns\StackOptimizationPattern.hpp">
      <Filter>vm\optimization\patterns</Filter>
    </ClInclude>
    <ClInclude Include="vm\optimization\patterns\StrengthReductionPattern.hpp">
      <Filter>vm\optimization\patterns</Filter>
    </ClInclude>
    <ClInclude Include="vm\optimization\patterns\SuperinstructionPattern.hpp">
      <Filter>vm\optimization\patterns</Filter>
    </ClInclude>
    <ClInclude Include="vm\optimization\patterns\TypeSpecializationPattern.hpp">
      <Filter>vm\optimization\patterns</Filter>
    </ClInclude>
    <ClInclude Include="vm\profiler\ProfilerContext.hpp">
      <Filter>vm\profiler</Filter>
    </ClInclude>
    <ClInclude Include="vm\profiler\ProfilerData.hpp">
      <Filter>vm\profiler</Filter>
    </ClInclude>
    <ClInclude Include="vm\profiler\ProfilerHookHelper.hpp">
      <Filter>vm\profiler</Filter>
    </ClInclude>
    <ClInclude Include="vm\profiler\ProfilerMode.hpp">
      <Filter>vm\profiler</Filter>
    </ClInclude>
    <ClInclude Include="vm\profiler\ProfilerReport.hpp">
      <Filter>vm\profiler</Filter>
    </ClInclude>
    <ClInclude Include="vm\runtime\LibraryLoader.hpp">
      <Filter>vm\runtime</Filter>
    </ClInclude>
    <ClInclude Include="vm\runtime\VirtualMachine.hpp">
      <Filter>vm\runtime</Filter>
    </ClInclude>
    <ClInclude Include="vm\runtime\context\ExecutionContext.hpp">
      <Filter>vm\runtime\context</Filter>
    </ClInclude>
    <ClInclude Include="vm\runtime\context\TypeArgMapPtr.hpp">
      <Filter>vm\runtime\context</Filter>
    </ClInclude>
    <ClInclude Include="vm\runtime\executors\ArithmeticExecutor.hpp">
      <Filter>vm\runtime\executors</Filter>
    </ClInclude>
    <ClInclude Include="vm\runtime\executors\ArrayExecutor.hpp">
      <Filter>vm\runtime\executors</Filter>
    </ClInclude>
    <ClInclude Include="vm\runtime\executors\BitwiseExecutor.hpp">
      <Filter>vm\runtime\executors</Filter>
    </ClInclude>
    <ClInclude Include="vm\runtime\executors\ComparisonExecutor.hpp">
      <Filter>vm\runtime\executors</Filter>
    </ClInclude>
    <ClInclude Include="vm\runtime\executors\ControlFlowExecutor.hpp">
      <Filter>vm\runtime\executors</Filter>
    </ClInclude>
    <ClInclude Include="vm\runtime\executors\ExceptionExecutor.hpp">
      <Filter>vm\runtime\executors</Filter>
    </ClInclude>
    <ClInclude Include="vm\runtime\executors\FunctionExecutor.hpp">
      <Filter>vm\runtime\executors</Filter>
    </ClInclude>
    <ClInclude Include="vm\runtime\executors\InlineCacheExecutor.hpp">
      <Filter>vm\runtime\executors</Filter>
    </ClInclude>
    <ClInclude Include="vm\runtime\executors\LambdaExecutor.hpp">
      <Filter>vm\runtime\executors</Filter>
    </ClInclude>
    <ClInclude Include="vm\runtime\executors\LogicalExecutor.hpp">
      <Filter>vm\runtime\executors</Filter>
    </ClInclude>
    <ClInclude Include="vm\runtime\executors\ObjectExecutor.hpp">
      <Filter>vm\runtime\executors</Filter>
    </ClInclude>
    <ClInclude Include="vm\runtime\executors\ObjectInstanceHelper.hpp">
      <Filter>vm\runtime\executors</Filter>
    </ClInclude>
    <ClInclude Include="vm\runtime\executors\PrimitiveMethodExecutor.hpp">
      <Filter>vm\runtime\executors</Filter>
    </ClInclude>
    <ClInclude Include="vm\runtime\executors\StackOperationsExecutor.hpp">
      <Filter>vm\runtime\executors</Filter>
    </ClInclude>
    <ClInclude Include="vm\runtime\executors\TypeExecutor.hpp">
      <Filter>vm\runtime\executors</Filter>
    </ClInclude>
    <ClInclude Include="vm\runtime\executors\VariableExecutor.hpp">
      <Filter>vm\runtime\executors</Filter>
    </ClInclude>
    <ClInclude Include="vm\runtime\optimization\LoopOptimizer.hpp">
      <Filter>vm\runtime\optimization</Filter>
    </ClInclude>
    <ClInclude Include="vm\runtime\stack\StackManager.hpp">
      <Filter>vm\runtime\stack</Filter>
    </ClInclude>
    <ClInclude Include="vm\runtime\utils\ArrayBoundsChecker.hpp">
      <Filter>vm\runtime\utils</Filter>
    </ClInclude>
    <ClInclude Include="vm\runtime\utils\BoxingUtils.hpp">
      <Filter>vm\runtime\utils</Filter>
    </ClInclude>
    <ClInclude Include="vm\runtime\utils\CheckedArithmetic.hpp">
      <Filter>vm\runtime\utils</Filter>
    </ClInclude>
    <ClInclude Include="vm\runtime\utils\ErrorLocationHelper.hpp">
      <Filter>vm\runtime\utils</Filter>
    </ClInclude>
    <ClInclude Include="vm\runtime\utils\ExceptionHandler.hpp">
      <Filter>vm\runtime\utils</Filter>
    </ClInclude>
    <ClInclude Include="vm\runtime\utils\InteropExceptionDecorator.hpp">
      <Filter>vm\runtime\utils</Filter>
    </ClInclude>
    <ClInclude Include="vm\runtime\utils\MethodResolver.hpp">
      <Filter>vm\runtime\utils</Filter>
    </ClInclude>
    <ClInclude Include="vm\runtime\utils\NullCheckUtils.hpp">
      <Filter>vm\runtime\utils</Filter>
    </ClInclude>
    <ClInclude Include="vm\runtime\utils\TypeArgResolution.hpp">
      <Filter>vm\runtime\utils</Filter>
    </ClInclude>
    <ClInclude Include="vm\runtime\validation\AccessValidator.hpp">
      <Filter>vm\runtime\validation</Filter>
    </ClInclude>
  </ItemGroup>
  <ItemGroup>
    <ClCompile Include="runtime\EventLoop.cpp">
      <Filter>runtime</Filter>
    </ClCompile>
    <ClCompile Include="vm\MethodSignature.cpp">
      <Filter>vm</Filter>
    </ClCompile>
    <ClCompile Include="vm\bytecode\BytecodeIOHelper.cpp">
      <Filter>vm\bytecode</Filter>
    </ClCompile>
    <ClCompile Include="vm\bytecode\BytecodeProgram.cpp">
      <Filter>vm\bytecode</Filter>
    </ClCompile>
    <ClCompile Include="vm\bytecode\ExceptionTable.cpp">
      <Filter>vm\bytecode</Filter>
    </ClCompile>
    <ClCompile Include="vm\compiler\BytecodeCompiler.cpp">
      <Filter>vm\compiler</Filter>
    </ClCompile>
    <ClCompile Include="vm\compiler\ImportHelper.cpp">
      <Filter>vm\compiler</Filter>
    </ClCompile>
    <ClCompile Include="vm\compiler\analysis\DefiniteAssignmentAnalyzer.cpp">
      <Filter>vm\compiler\analysis</Filter>
    </ClCompile>
    <ClCompile Include="vm\compiler\analysis\NestedReferenceCollector.cpp">
      <Filter>vm\compiler\analysis</Filter>
    </ClCompile>
    <ClCompile Include="vm\compiler\control\ExceptionContextManager.cpp">
      <Filter>vm\compiler\control</Filter>
    </ClCompile>
    <ClCompile Include="vm\compiler\control\LoopContextManager.cpp">
      <Filter>vm\compiler\control</Filter>
    </ClCompile>
    <ClCompile Include="vm\compiler\control\SwitchContextManager.cpp">
      <Filter>vm\compiler\control</Filter>
    </ClCompile>
    <ClCompile Include="vm\compiler\emission\BytecodeEmitter.cpp">
      <Filter>vm\compiler\emission</Filter>
    </ClCompile>
    <ClCompile Include="vm\compiler\optimization\PrimitiveMethodOptimizer.cpp">
      <Filter>vm\compiler\optimization</Filter>
    </ClCompile>
    <ClCompile Include="vm\compiler\overload\OverloadResolutionHelper.cpp">
      <Filter>vm\compiler\overload</Filter>
    </ClCompile>
    <ClCompile Include="vm\compiler\overload\OverloadResolver.cpp">
      <Filter>vm\compiler\overload</Filter>
    </ClCompile>
    <ClCompile Include="vm\compiler\registration\AnnotationRetention.cpp">
      <Filter>vm\compiler\registration</Filter>
    </ClCompile>
    <ClCompile Include="vm\compiler\registration\ClassInheritanceValidator.cpp">
      <Filter>vm\compiler\registration</Filter>
    </ClCompile>
    <ClCompile Include="vm\compiler\registration\ClassRegistrar.cpp">
      <Filter>vm\compiler\registration</Filter>
    </ClCompile>
    <ClCompile Include="vm\compiler\registration\FunctionRegistrar.cpp">
      <Filter>vm\compiler\registration</Filter>
    </ClCompile>
    <ClCompile Include="vm\compiler\registration\InterfaceRegistrar.cpp">
      <Filter>vm\compiler\registration</Filter>
    </ClCompile>
    <ClCompile Include="vm\compiler\types\ExpectedTypeContext.cpp">
      <Filter>vm\compiler\types</Filter>
    </ClCompile>
    <ClCompile Include="vm\compiler\types\GenericPatternAnalyzer.cpp">
      <Filter>vm\compiler\types</Filter>
    </ClCompile>
    <ClCompile Include="vm\compiler\types\NullNarrowingTracker.cpp">
      <Filter>vm\compiler\types</Filter>
    </ClCompile>
    <ClCompile Include="vm\compiler\types\TypeInferenceEngine.cpp">
      <Filter>vm\compiler\types</Filter>
    </ClCompile>
    <ClCompile Include="vm\compiler\types\TypeValidator.cpp">
      <Filter>vm\compiler\types</Filter>
    </ClCompile>
    <ClCompile Include="vm\compiler\validation\CompileTimeValidator.cpp">
      <Filter>vm\compiler\validation</Filter>
    </ClCompile>
    <ClCompile Include="vm\compiler\validation\FieldInitializationValidator.cpp">
      <Filter>vm\compiler\validation</Filter>
    </ClCompile>
    <ClCompile Include="vm\compiler\validation\ReturnPathValidator.cpp">
      <Filter>vm\compiler\validation</Filter>
    </ClCompile>
    <ClCompile Include="vm\compiler\variables\FunctionFrameManager.cpp">
      <Filter>vm\compiler\variables</Filter>
    </ClCompile>
    <ClCompile Include="vm\compiler\variables\GlobalVariableRegistry.cpp">
      <Filter>vm\compiler\variables</Filter>
    </ClCompile>
    <ClCompile Include="vm\compiler\variables\VariableTracker.cpp">
      <Filter>vm\compiler\variables</Filter>
    </ClCompile>
    <ClCompile Include="vm\compiler\visitors\ArrayCompiler.cpp">
      <Filter>vm\compiler\visitors</Filter>
    </ClCompile>
    <ClCompile Include="vm\compiler\visitors\ClassCompiler.cpp">
      <Filter>vm\compiler\visitors</Filter>
    </ClCompile>
    <ClCompile Include="vm\compiler\visitors\ClassMethodCallCompiler.cpp">
      <Filter>vm\compiler\visitors</Filter>
    </ClCompile>
    <ClCompile Include="vm\compiler\visitors\ControlFlowCompiler.cpp">
      <Filter>vm\compiler\visitors</Filter>
    </ClCompile>
    <ClCompile Include="vm\compiler\visitors\ExpressionCompiler.cpp">
      <Filter>vm\compiler\visitors</Filter>
    </ClCompile>
    <ClCompile Include="vm\compiler\visitors\FunctionCallHelper.cpp">
      <Filter>vm\compiler\visitors</Filter>
    </ClCompile>
    <ClCompile Include="vm\compiler\visitors\FunctionCompiler.cpp">
      <Filter>vm\compiler\visitors</Filter>
    </ClCompile>
    <ClCompile Include="vm\compiler\visitors\GenericScopeHelper.cpp">
      <Filter>vm\compiler\visitors</Filter>
    </ClCompile>
    <ClCompile Include="vm\compiler\visitors\LiteralCompiler.cpp">
      <Filter>vm\compiler\visitors</Filter>
    </ClCompile>
    <ClCompile Include="vm\compiler\visitors\MethodCompilerHelper.cpp">
      <Filter>vm\compiler\visitors</Filter>
    </ClCompile>
    <ClCompile Include="vm\compiler\visitors\ParameterValidator.cpp">
      <Filter>vm\compiler\visitors</Filter>
    </ClCompile>
    <ClCompile Include="vm\compiler\visitors\StatementCompiler.cpp">
      <Filter>vm\compiler\visitors</Filter>
    </ClCompile>
    <ClCompile Include="vm\compiler\visitors\TryStatementHelper.cpp">
      <Filter>vm\compiler\visitors</Filter>
    </ClCompile>
    <ClCompile Include="vm\optimization\InlineAnalysis.cpp">
      <Filter>vm\optimization</Filter>
    </ClCompile>
    <ClCompile Include="vm\optimization\OptimizationPattern.cpp">
      <Filter>vm\optimization</Filter>
    </ClCompile>
    <ClCompile Include="vm\optimization\PeepholeOptimizer.cpp">
      <Filter>vm\optimization</Filter>
    </ClCompile>
    <ClCompile Include="vm\optimization\analysis\ControlFlowAnalyzer.cpp">
      <Filter>vm\optimization\analysis</Filter>
    </ClCompile>
    <ClCompile Include="vm\optimization\analysis\DataFlowAnalyzer.cpp">
      <Filter>vm\optimization\analysis</Filter>
    </ClCompile>
    <ClCompile Include="vm\optimization\analysis\JumpTargetTracker.cpp">
      <Filter>vm\optimization\analysis</Filter>
    </ClCompile>
    <ClCompile Include="vm\optimization\patterns\AbstractClassPattern.cpp">
      <Filter>vm\optimization\patterns</Filter>
    </ClCompile>
    <ClCompile Include="vm\optimization\patterns\AlgebraicSimplificationPattern.cpp">
      <Filter>vm\optimization\patterns</Filter>
    </ClCompile>
    <ClCompile Include="vm\optimization\patterns\ConstantFoldingPattern.cpp">
      <Filter>vm\optimization\patterns</Filter>
    </ClCompile>
    <ClCompile Include="vm\optimization\patterns\DeadCodePattern.cpp">
      <Filter>vm\optimization\patterns</Filter>
    </ClCompile>
    <ClCompile Include="vm\optimization\patterns\JumpThreadingPattern.cpp">
      <Filter>vm\optimization\patterns</Filter>
    </ClCompile>
    <ClCompile Include="vm\optimization\patterns\NullSequencePattern.cpp">
      <Filter>vm\optimization\patterns</Filter>
    </ClCompile>
    <ClCompile Include="vm\optimization\patterns\PatternSafetyHelper.cpp">
      <Filter>vm\optimization\patterns</Filter>
    </ClCompile>
    <ClCompile Include="vm\optimization\patterns\StackOptimizationPattern.cpp">
      <Filter>vm\optimization\patterns</Filter>
    </ClCompile>
    <ClCompile Include="vm\optimization\patterns\StrengthReductionPattern.cpp">
      <Filter>vm\optimization\patterns</Filter>
    </ClCompile>
    <ClCompile Include="vm\optimization\patterns\SuperinstructionPattern.cpp">
      <Filter>vm\optimization\patterns</Filter>
    </ClCompile>
    <ClCompile Include="vm\optimization\patterns\TypeSpecializationPattern.cpp">
      <Filter>vm\optimization\patterns</Filter>
    </ClCompile>
    <ClCompile Include="vm\profiler\ProfilerContext.cpp">
      <Filter>vm\profiler</Filter>
    </ClCompile>
    <ClCompile Include="vm\profiler\ProfilerHookHelper.cpp">
      <Filter>vm\profiler</Filter>
    </ClCompile>
    <ClCompile Include="vm\profiler\ProfilerReport.cpp">
      <Filter>vm\profiler</Filter>
    </ClCompile>
    <ClCompile Include="vm\runtime\LibraryLoader.cpp">
      <Filter>vm\runtime</Filter>
    </ClCompile>
    <ClCompile Include="vm\runtime\VirtualMachine.cpp">
      <Filter>vm\runtime</Filter>
    </ClCompile>
    <ClCompile Include="vm\runtime\VirtualMachineAsync.cpp">
      <Filter>vm\runtime</Filter>
    </ClCompile>
    <ClCompile Include="vm\runtime\VirtualMachineDispatch.cpp">
      <Filter>vm\runtime</Filter>
    </ClCompile>
    <ClCompile Include="vm\runtime\VirtualMachineFields.cpp">
      <Filter>vm\runtime</Filter>
    </ClCompile>
    <ClCompile Include="vm\runtime\VirtualMachineHelpers.cpp">
      <Filter>vm\runtime</Filter>
    </ClCompile>
    <ClCompile Include="vm\runtime\VirtualMachineInteropCall.cpp">
      <Filter>vm\runtime</Filter>
    </ClCompile>
    <ClCompile Include="vm\runtime\VirtualMachineInteropConstruct.cpp">
      <Filter>vm\runtime</Filter>
    </ClCompile>
    <ClCompile Include="vm\runtime\VirtualMachineJit.cpp">
      <Filter>vm\runtime</Filter>
    </ClCompile>
    <ClCompile Include="vm\runtime\VirtualMachineLoop.cpp">
      <Filter>vm\runtime</Filter>
    </ClCompile>
    <ClCompile Include="vm\runtime\context\ExecutionContext.cpp">
      <Filter>vm\runtime\context</Filter>
    </ClCompile>
    <ClCompile Include="vm\runtime\context\TypeArgMapPtr.cpp">
      <Filter>vm\runtime\context</Filter>
    </ClCompile>
    <ClCompile Include="vm\runtime\executors\ArithmeticExecutor.cpp">
      <Filter>vm\runtime\executors</Filter>
    </ClCompile>
    <ClCompile Include="vm\runtime\executors\ArrayExecutor.cpp">
      <Filter>vm\runtime\executors</Filter>
    </ClCompile>
    <ClCompile Include="vm\runtime\executors\BitwiseExecutor.cpp">
      <Filter>vm\runtime\executors</Filter>
    </ClCompile>
    <ClCompile Include="vm\runtime\executors\ComparisonExecutor.cpp">
      <Filter>vm\runtime\executors</Filter>
    </ClCompile>
    <ClCompile Include="vm\runtime\executors\ControlFlowExecutor.cpp">
      <Filter>vm\runtime\executors</Filter>
    </ClCompile>
    <ClCompile Include="vm\runtime\executors\ExceptionExecutor.cpp">
      <Filter>vm\runtime\executors</Filter>
    </ClCompile>
    <ClCompile Include="vm\runtime\executors\FunctionExecutor.cpp">
      <Filter>vm\runtime\executors</Filter>
    </ClCompile>
    <ClCompile Include="vm\runtime\executors\InlineCacheExecutor.cpp">
      <Filter>vm\runtime\executors</Filter>
    </ClCompile>
    <ClCompile Include="vm\runtime\executors\LambdaExecutor.cpp">
      <Filter>vm\runtime\executors</Filter>
    </ClCompile>
    <ClCompile Include="vm\runtime\executors\LogicalExecutor.cpp">
      <Filter>vm\runtime\executors</Filter>
    </ClCompile>
    <ClCompile Include="vm\runtime\executors\ObjectExecutor.cpp">
      <Filter>vm\runtime\executors</Filter>
    </ClCompile>
    <ClCompile Include="vm\runtime\executors\ObjectInstanceHelper.cpp">
      <Filter>vm\runtime\executors</Filter>
    </ClCompile>
    <ClCompile Include="vm\runtime\executors\PrimitiveMethodExecutor.cpp">
      <Filter>vm\runtime\executors</Filter>
    </ClCompile>
    <ClCompile Include="vm\runtime\executors\StackOperationsExecutor.cpp">
      <Filter>vm\runtime\executors</Filter>
    </ClCompile>
    <ClCompile Include="vm\runtime\executors\TypeExecutor.cpp">
      <Filter>vm\runtime\executors</Filter>
    </ClCompile>
    <ClCompile Include="vm\runtime\executors\VariableExecutor.cpp">
      <Filter>vm\runtime\executors</Filter>
    </ClCompile>
    <ClCompile Include="vm\runtime\optimization\LoopOptimizer.cpp">
      <Filter>vm\runtime\optimization</Filter>
    </ClCompile>
    <ClCompile Include="vm\runtime\stack\StackManager.cpp">
      <Filter>vm\runtime\stack</Filter>
    </ClCompile>
    <ClCompile Include="vm\runtime\utils\ErrorLocationHelper.cpp">
      <Filter>vm\runtime\utils</Filter>
    </ClCompile>
    <ClCompile Include="vm\runtime\utils\ExceptionHandler.cpp">
      <Filter>vm\runtime\utils</Filter>
    </ClCompile>
    <ClCompile Include="vm\runtime\utils\InteropExceptionDecorator.cpp">
      <Filter>vm\runtime\utils</Filter>
    </ClCompile>
    <ClCompile Include="vm\runtime\utils\MethodResolver.cpp">
      <Filter>vm\runtime\utils</Filter>
    </ClCompile>
    <ClCompile Include="vm\runtime\validation\AccessValidator.cpp">
      <Filter>vm\runtime\validation</Filter>
    </ClCompile>
  </ItemGroup>
</Project>