<?xml version="1.0" encoding="utf-8"?>
<Project ToolsVersion="4.0" xmlns="http://schemas.microsoft.com/developer/msbuild/2003">
  <ItemGroup>
    <Filter Include="debugger">
      <UniqueIdentifier>{4A693D11-3636-981C-5F4F-86C44B7BCDAA}</UniqueIdentifier>
    </Filter>
    <Filter Include="gc">
      <UniqueIdentifier>{EF775900-DB03-880B-44B2-880B305D880B}</UniqueIdentifier>
    </Filter>
    <Filter Include="json">
      <UniqueIdentifier>{9F27997C-8B5E-9A0D-344B-80102061160F}</UniqueIdentifier>
    </Filter>
    <Filter Include="net">
      <UniqueIdentifier>{4C94880B-B89D-887C-4119-9F7CAD21947C}</UniqueIdentifier>
    </Filter>
    <Filter Include="packagemanager">
      <UniqueIdentifier>{6CD93704-58A7-2B0A-413B-9C302DA8076F}</UniqueIdentifier>
    </Filter>
    <Filter Include="packagemanager\src">
      <UniqueIdentifier>{836D3AA6-6F51-FBFB-D8B1-F54EC4B4E57D}</UniqueIdentifier>
    </Filter>
    <Filter Include="plugin">
      <UniqueIdentifier>{140E0515-00B0-2FEB-E96A-433FD5ABB63B}</UniqueIdentifier>
    </Filter>
    <Filter Include="project">
      <UniqueIdentifier>{7CC43AC3-E8A3-B95E-F1BB-44355D1A20C0}</UniqueIdentifier>
    </Filter>
    <Filter Include="project\mtclib">
      <UniqueIdentifier>{4612789D-32E0-6BA3-1B74-DCC907E14708}</UniqueIdentifier>
    </Filter>
    <Filter Include="reflection">
      <UniqueIdentifier>{30732186-1C2B-63D3-8532-3C2F7109FEC3}</UniqueIdentifier>
    </Filter>
    <Filter Include="services">
      <UniqueIdentifier>{C98C7E0E-B559-D919-DE72-C7C1CA9E0EA8}</UniqueIdentifier>
    </Filter>
    <Filter Include="services\api">
      <UniqueIdentifier>{923A3511-7E9D-C4B5-2723-FD6B13659038}</UniqueIdentifier>
    </Filter>
    <Filter Include="validation">
      <UniqueIdentifier>{10E17C64-FC98-BEB1-65A0-970D517759A2}</UniqueIdentifier>
    </Filter>
    <Filter Include="validation\builtins">
      <UniqueIdentifier>{497E6EB9-B5DF-4BC7-3E4D-9279AAAD8286}</UniqueIdentifier>
    </Filter>
  </ItemGroup>
  <ItemGroup>
    <ClInclude Include="..\packagemanager\src\DependencyResolver.hpp">
      <Filter>packagemanager\src</Filter>
    </ClInclude>
    <ClInclude Include="..\packagemanager\src\GitSource.hpp">
      <Filter>packagemanager\src</Filter>
    </ClInclude>
    <ClInclude Include="..\packagemanager\src\Lockfile.hpp">
      <Filter>packagemanager\src</Filter>
    </ClInclude>
    <ClInclude Include="..\packagemanager\src\MtModulesManager.hpp">
      <Filter>packagemanager\src</Filter>
    </ClInclude>
    <ClInclude Include="..\packagemanager\src\PackageInstaller.hpp">
      <Filter>packagemanager\src</Filter>
    </ClInclude>
    <ClInclude Include="..\packagemanager\src\PackageManifest.hpp">
      <Filter>packagemanager\src</Filter>
    </ClInclude>
    <ClInclude Include="..\packagemanager\src\PackageRegistry.hpp">
      <Filter>packagemanager\src</Filter>
    </ClInclude>
    <ClInclude Include="..\packagemanager\src\Publish.hpp">
      <Filter>packagemanager\src</Filter>
    </ClInclude>
    <ClInclude Include="..\packagemanager\src\SemVer.hpp">
      <Filter>packagemanager\src</Filter>
    </ClInclude>
    <ClInclude Include="..\packagemanager\src\Sha256.hpp">
      <Filter>packagemanager\src</Filter>
    </ClInclude>
    <ClInclude Include="debugger\DebugContext.hpp">
      <Filter>debugger</Filter>
    </ClInclude>
    <ClInclude Include="debugger\DebugExpressionEvaluator.hpp">
      <Filter>debugger</Filter>
    </ClInclude>
    <ClInclude Include="debugger\DebugHookHelper.hpp">
      <Filter>debugger</Filter>
    </ClInclude>
    <ClInclude Include="debugger\DebugProtocol.hpp">
      <Filter>debugger</Filter>
    </ClInclude>
    <ClInclude Include="debugger\DebuggerConstants.hpp">
      <Filter>debugger</Filter>
    </ClInclude>
    <ClInclude Include="debugger\VMVariableInspector.hpp">
      <Filter>debugger</Filter>
    </ClInclude>
    <ClInclude Include="debugger\VariableInspector.hpp">
      <Filter>debugger</Filter>
    </ClInclude>
    <ClInclude Include="gc\CycleDetector.hpp">
      <Filter>gc</Filter>
    </ClInclude>
    <ClInclude Include="gc\GC.hpp">
      <Filter>gc</Filter>
    </ClInclude>
    <ClInclude Include="gc\GCConfig.hpp">
      <Filter>gc</Filter>
    </ClInclude>
    <ClInclude Include="gc\GCCoordinator.hpp">
      <Filter>gc</Filter>
    </ClInclude>
    <ClInclude Include="gc\GCStats.hpp">
      <Filter>gc</Filter>
    </ClInclude>
    <ClInclude Include="gc\GCTracker.hpp">
      <Filter>gc</Filter>
    </ClInclude>
    <ClInclude Include="gc\SuspectBuffer.hpp">
      <Filter>gc</Filter>
    </ClInclude>
    <ClInclude Include="gc\WriteBarrier.hpp">
      <Filter>gc</Filter>
    </ClInclude>
    <ClInclude Include="json\FileWriteNative.hpp">
      <Filter>json</Filter>
    </ClInclude>
    <ClInclude Include="json\JsonDeserializer.hpp">
      <Filter>json</Filter>
    </ClInclude>
    <ClInclude Include="json\JsonNatives.hpp">
      <Filter>json</Filter>
    </ClInclude>
    <ClInclude Include="json\JsonParser.hpp">
      <Filter>json</Filter>
    </ClInclude>
    <ClInclude Include="json\JsonSerializer.hpp">
      <Filter>json</Filter>
    </ClInclude>
    <ClInclude Include="json\JsonValue.hpp">
      <Filter>json</Filter>
    </ClInclude>
    <ClInclude Include="net\AsyncHelper.hpp">
      <Filter>net</Filter>
    </ClInclude>
    <ClInclude Include="net\HashMapMarshal.hpp">
      <Filter>net</Filter>
    </ClInclude>
    <ClInclude Include="net\HttpClient.hpp">
      <Filter>net</Filter>
    </ClInclude>
    <ClInclude Include="net\ISocketServer.hpp">
      <Filter>net</Filter>
    </ClInclude>
    <ClInclude Include="net\NetErrors.hpp">
      <Filter>net</Filter>
    </ClInclude>
    <ClInclude Include="net\NetNatives.hpp">
      <Filter>net</Filter>
    </ClInclude>
    <ClInclude Include="net\Socket.hpp">
      <Filter>net</Filter>
    </ClInclude>
    <ClInclude Include="net\SocketRegistry.hpp">
      <Filter>net</Filter>
    </ClInclude>
    <ClInclude Include="net\WinHttpClient.hpp">
      <Filter>net</Filter>
    </ClInclude>
    <ClInclude Include="net\WinSockInit.hpp">
      <Filter>net</Filter>
    </ClInclude>
    <ClInclude Include="net\WinSocket.hpp">
      <Filter>net</Filter>
    </ClInclude>
    <ClInclude Include="plugin\PluginHost.hpp">
      <Filter>plugin</Filter>
    </ClInclude>
    <ClInclude Include="plugin\PluginHostApi.h">
      <Filter>plugin</Filter>
    </ClInclude>
    <ClInclude Include="plugin\PluginLoader.hpp">
      <Filter>plugin</Filter>
    </ClInclude>
    <ClInclude Include="plugin\PluginNatives.hpp">
      <Filter>plugin</Filter>
    </ClInclude>
    <ClInclude Include="project\DependencyGraph.hpp">
      <Filter>project</Filter>
    </ClInclude>
    <ClInclude Include="project\DependencyGraphBuilder.hpp">
      <Filter>project</Filter>
    </ClInclude>
    <ClInclude Include="project\DependencyGraphFormatter.hpp">
      <Filter>project</Filter>
    </ClInclude>
    <ClInclude Include="project\GlobMatcher.hpp">
      <Filter>project</Filter>
    </ClInclude>
    <ClInclude Include="project\ImportManagerConfig.hpp">
      <Filter>project</Filter>
    </ClInclude>
    <ClInclude Include="project\ProjectBuilder.hpp">
      <Filter>project</Filter>
    </ClInclude>
    <ClInclude Include="project\ProjectConfig.hpp">
      <Filter>project</Filter>
    </ClInclude>
    <ClInclude Include="project\ProjectConfigParser.hpp">
      <Filter>project</Filter>
    </ClInclude>
    <ClInclude Include="project\ProjectDiscovery.hpp">
      <Filter>project</Filter>
    </ClInclude>
    <ClInclude Include="project\WorkspaceBuilder.hpp">
      <Filter>project</Filter>
    </ClInclude>
    <ClInclude Include="project\WorkspaceConfig.hpp">
      <Filter>project</Filter>
    </ClInclude>
    <ClInclude Include="project\WorkspaceConfigParser.hpp">
      <Filter>project</Filter>
    </ClInclude>
    <ClInclude Include="project\XmlParser.hpp">
      <Filter>project</Filter>
    </ClInclude>
    <ClInclude Include="project\mtclib\ContentHash.hpp">
      <Filter>project\mtclib</Filter>
    </ClInclude>
    <ClInclude Include="project\mtclib\DependencyResolver.hpp">
      <Filter>project\mtclib</Filter>
    </ClInclude>
    <ClInclude Include="project\mtclib\LibraryLinker.hpp">
      <Filter>project\mtclib</Filter>
    </ClInclude>
    <ClInclude Include="project\mtclib\LibraryNatives.hpp">
      <Filter>project\mtclib</Filter>
    </ClInclude>
    <ClInclude Include="project\mtclib\LibrarySymbolProvider.hpp">
      <Filter>project\mtclib</Filter>
    </ClInclude>
    <ClInclude Include="project\mtclib\MtcLibBuilder.hpp">
      <Filter>project\mtclib</Filter>
    </ClInclude>
    <ClInclude Include="project\mtclib\MtcLibFormat.hpp">
      <Filter>project\mtclib</Filter>
    </ClInclude>
    <ClInclude Include="project\mtclib\MtcLibSerializer.hpp">
      <Filter>project\mtclib</Filter>
    </ClInclude>
    <ClInclude Include="project\mtclib\MtcPathResolver.hpp">
      <Filter>project\mtclib</Filter>
    </ClInclude>
    <ClInclude Include="project\mtclib\TransitiveDependencyLoader.hpp">
      <Filter>project\mtclib</Filter>
    </ClInclude>
    <ClInclude Include="reflection\AnnotationInstanceFactory.hpp">
      <Filter>reflection</Filter>
    </ClInclude>
    <ClInclude Include="reflection\ReflectionHandle.hpp">
      <Filter>reflection</Filter>
    </ClInclude>
    <ClInclude Include="reflection\ReflectionNatives.hpp">
      <Filter>reflection</Filter>
    </ClInclude>
    <ClInclude Include="services\BytecodeExecutionStrategy.hpp">
      <Filter>services</Filter>
    </ClInclude>
    <ClInclude Include="services\BytecodeExecutor.hpp">
      <Filter>services</Filter>
    </ClInclude>
    <ClInclude Include="services\BytecodeOptimizationService.hpp">
      <Filter>services</Filter>
    </ClInclude>
    <ClInclude Include="services\BytecodeService.hpp">
      <Filter>services</Filter>
    </ClInclude>
    <ClInclude Include="services\ExecutionStrategy.hpp">
      <Filter>services</Filter>
    </ClInclude>
    <ClInclude Include="services\FileReader.hpp">
      <Filter>services</Filter>
    </ClInclude>
    <ClInclude Include="services\ImportManager.hpp">
      <Filter>services</Filter>
    </ClInclude>
    <ClInclude Include="services\ImportResolver.hpp">
      <Filter>services</Filter>
    </ClInclude>
    <ClInclude Include="services\NativeFunctionRegistry.hpp">
      <Filter>services</Filter>
    </ClInclude>
    <ClInclude Include="services\OptimizationService.hpp">
      <Filter>services</Filter>
    </ClInclude>
    <ClInclude Include="services\ScriptAPI.hpp">
      <Filter>services</Filter>
    </ClInclude>
    <ClInclude Include="services\ScriptInterpreter.hpp">
      <Filter>services</Filter>
    </ClInclude>
    <ClInclude Include="services\api\Class.hpp">
      <Filter>services\api</Filter>
    </ClInclude>
    <ClInclude Include="validation\AnnotationUsageValidator.hpp">
      <Filter>validation</Filter>
    </ClInclude>
    <ClInclude Include="validation\AnnotationValidator.hpp">
      <Filter>validation</Filter>
    </ClInclude>
    <ClInclude Include="validation\builtins\BuiltInAnnotations.hpp">
      <Filter>validation\builtins</Filter>
    </ClInclude>
  </ItemGroup>
  <ItemGroup>
    <ClCompile Include="..\packagemanager\src\DependencyResolver.cpp">
      <Filter>packagemanager\src</Filter>
    </ClCompile>
    <ClCompile Include="..\packagemanager\src\GitSource.cpp">
      <Filter>packagemanager\src</Filter>
    </ClCompile>
    <ClCompile Include="..\packagemanager\src\Lockfile.cpp">
      <Filter>packagemanager\src</Filter>
    </ClCompile>
    <ClCompile Include="..\packagemanager\src\MtModulesManager.cpp">
      <Filter>packagemanager\src</Filter>
    </ClCompile>
    <ClCompile Include="..\packagemanager\src\PackageInstaller.cpp">
      <Filter>packagemanager\src</Filter>
    </ClCompile>
    <ClCompile Include="..\packagemanager\src\PackageManifest.cpp">
      <Filter>packagemanager\src</Filter>
    </ClCompile>
    <ClCompile Include="..\packagemanager\src\PackageRegistry.cpp">
      <Filter>packagemanager\src</Filter>
    </ClCompile>
    <ClCompile Include="..\packagemanager\src\Publish.cpp">
      <Filter>packagemanager\src</Filter>
    </ClCompile>
    <ClCompile Include="..\packagemanager\src\SemVer.cpp">
      <Filter>packagemanager\src</Filter>
    </ClCompile>
    <ClCompile Include="..\packagemanager\src\Sha256.cpp">
      <Filter>packagemanager\src</Filter>
    </ClCompile>
    <ClCompile Include="debugger\DebugContext.cpp">
      <Filter>debugger</Filter>
    </ClCompile>
    <ClCompile Include="debugger\DebugExpressionEvaluator.cpp">
      <Filter>debugger</Filter>
    </ClCompile>
    <ClCompile Include="debugger\DebugHookHelper.cpp">
      <Filter>debugger</Filter>
    </ClCompile>
    <ClCompile Include="debugger\DebugProtocol.cpp">
      <Filter>debugger</Filter>
    </ClCompile>
    <ClCompile Include="debugger\VMVariableInspector.cpp">
      <Filter>debugger</Filter>
    </ClCompile>
    <ClCompile Include="debugger\VMVariableInspector_Collect.cpp">
      <Filter>debugger</Filter>
    </ClCompile>
    <ClCompile Include="debugger\VMVariableInspector_Find.cpp">
      <Filter>debugger</Filter>
    </ClCompile>
    <ClCompile Include="debugger\VMVariableInspector_Format.cpp">
      <Filter>debugger</Filter>
    </ClCompile>
    <ClCompile Include="debugger\VMVariableInspector_Globals.cpp">
      <Filter>debugger</Filter>
    </ClCompile>
    <ClCompile Include="debugger\VariableInspector.cpp">
      <Filter>debugger</Filter>
    </ClCompile>
    <ClCompile Include="gc\CycleDetector.cpp">
      <Filter>gc</Filter>
    </ClCompile>
    <ClCompile Include="gc\GC.cpp">
      <Filter>gc</Filter>
    </ClCompile>
    <ClCompile Include="gc\GCCoordinator.cpp">
      <Filter>gc</Filter>
    </ClCompile>
    <ClCompile Include="gc\GCTracker.cpp">
      <Filter>gc</Filter>
    </ClCompile>
    <ClCompile Include="gc\SuspectBuffer.cpp">
      <Filter>gc</Filter>
    </ClCompile>
    <ClCompile Include="gc\WriteBarrier.cpp">
      <Filter>gc</Filter>
    </ClCompile>
    <ClCompile Include="json\FileWriteNative.cpp">
      <Filter>json</Filter>
    </ClCompile>
    <ClCompile Include="json\JsonDeserializer.cpp">
      <Filter>json</Filter>
    </ClCompile>
    <ClCompile Include="json\JsonDeserializer_Collections.cpp">
      <Filter>json</Filter>
    </ClCompile>
    <ClCompile Include="json\JsonNatives.cpp">
      <Filter>json</Filter>
    </ClCompile>
    <ClCompile Include="json\JsonParser.cpp">
      <Filter>json</Filter>
    </ClCompile>
    <ClCompile Include="json\JsonSerializer.cpp">
      <Filter>json</Filter>
    </ClCompile>
    <ClCompile Include="json\JsonSerializer_Collections.cpp">
      <Filter>json</Filter>
    </ClCompile>
    <ClCompile Include="json\JsonValue.cpp">
      <Filter>json</Filter>
    </ClCompile>
    <ClCompile Include="net\HashMapMarshal.cpp">
      <Filter>net</Filter>
    </ClCompile>
    <ClCompile Include="net\NetErrors.cpp">
      <Filter>net</Filter>
    </ClCompile>
    <ClCompile Include="net\NetNatives.cpp">
      <Filter>net</Filter>
    </ClCompile>
    <ClCompile Include="net\SocketRegistry.cpp">
      <Filter>net</Filter>
    </ClCompile>
    <ClCompile Include="net\WinHttpClient.cpp">
      <Filter>net</Filter>
    </ClCompile>
    <ClCompile Include="net\WinSockInit.cpp">
      <Filter>net</Filter>
    </ClCompile>
    <ClCompile Include="net\WinSocket.cpp">
      <Filter>net</Filter>
    </ClCompile>
    <ClCompile Include="plugin\PluginHost.cpp">
      <Filter>plugin</Filter>
    </ClCompile>
    <ClCompile Include="plugin\PluginLoader.cpp">
      <Filter>plugin</Filter>
    </ClCompile>
    <ClCompile Include="plugin\PluginNatives.cpp">
      <Filter>plugin</Filter>
    </ClCompile>
    <ClCompile Include="plugin\WinPluginLoader.cpp">
      <Filter>plugin</Filter>
    </ClCompile>
    <ClCompile Include="project\DependencyGraph.cpp">
      <Filter>project</Filter>
    </ClCompile>
    <ClCompile Include="project\DependencyGraphBuilder.cpp">
      <Filter>project</Filter>
    </ClCompile>
    <ClCompile Include="project\DependencyGraphFormatter.cpp">
      <Filter>project</Filter>
    </ClCompile>
    <ClCompile Include="project\GlobMatcher.cpp">
      <Filter>project</Filter>
    </ClCompile>
    <ClCompile Include="project\ProjectBuilder.cpp">
      <Filter>project</Filter>
    </ClCompile>
    <ClCompile Include="project\ProjectBuilder_Compile.cpp">
      <Filter>project</Filter>
    </ClCompile>
    <ClCompile Include="project\ProjectBuilder_Executable.cpp">
      <Filter>project</Filter>
    </ClCompile>
    <ClCompile Include="project\ProjectBuilder_Library.cpp">
      <Filter>project</Filter>
    </ClCompile>
    <ClCompile Include="project\ProjectConfigParser.cpp">
      <Filter>project</Filter>
    </ClCompile>
    <ClCompile Include="project\WorkspaceBuilder.cpp">
      <Filter>project</Filter>
    </ClCompile>
    <ClCompile Include="project\WorkspaceConfigParser.cpp">
      <Filter>project</Filter>
    </ClCompile>
    <ClCompile Include="project\XmlParser.cpp">
      <Filter>project</Filter>
    </ClCompile>
    <ClCompile Include="project\mtclib\DependencyResolver.cpp">
      <Filter>project\mtclib</Filter>
    </ClCompile>
    <ClCompile Include="project\mtclib\LibraryLinker.cpp">
      <Filter>project\mtclib</Filter>
    </ClCompile>
    <ClCompile Include="project\mtclib\LibraryNatives.cpp">
      <Filter>project\mtclib</Filter>
    </ClCompile>
    <ClCompile Include="project\mtclib\LibrarySymbolProvider.cpp">
      <Filter>project\mtclib</Filter>
    </ClCompile>
    <ClCompile Include="project\mtclib\MtcLibBuilder.cpp">
      <Filter>project\mtclib</Filter>
    </ClCompile>
    <ClCompile Include="project\mtclib\MtcLibSerializer.cpp">
      <Filter>project\mtclib</Filter>
    </ClCompile>
    <ClCompile Include="project\mtclib\MtcPathResolver.cpp">
      <Filter>project\mtclib</Filter>
    </ClCompile>
    <ClCompile Include="project\mtclib\TransitiveDependencyLoader.cpp">
      <Filter>project\mtclib</Filter>
    </ClCompile>
    <ClCompile Include="reflection\AnnotationInstanceFactory.cpp">
      <Filter>reflection</Filter>
    </ClCompile>
    <ClCompile Include="reflection\ReflectionHandle.cpp">
      <Filter>reflection</Filter>
    </ClCompile>
    <ClCompile Include="reflection\ReflectionNatives.cpp">
      <Filter>reflection</Filter>
    </ClCompile>
    <ClCompile Include="reflection\ReflectionNatives_Class.cpp">
      <Filter>reflection</Filter>
    </ClCompile>
    <ClCompile Include="reflection\ReflectionNatives_CtorAnnotation.cpp">
      <Filter>reflection</Filter>
    </ClCompile>
    <ClCompile Include="reflection\ReflectionNatives_Field.cpp">
      <Filter>reflection</Filter>
    </ClCompile>
    <ClCompile Include="reflection\ReflectionNatives_Method.cpp">
      <Filter>reflection</Filter>
    </ClCompile>
    <ClCompile Include="reflection\ReflectionNatives_ParameterAnnotation.cpp">
      <Filter>reflection</Filter>
    </ClCompile>
    <ClCompile Include="reflection\ReflectionNatives_TypedAnnotation.cpp">
      <Filter>reflection</Filter>
    </ClCompile>
    <ClCompile Include="services\BytecodeExecutionStrategy.cpp">
      <Filter>services</Filter>
    </ClCompile>
    <ClCompile Include="services\BytecodeExecutor.cpp">
      <Filter>services</Filter>
    </ClCompile>
    <ClCompile Include="services\BytecodeOptimizationService.cpp">
      <Filter>services</Filter>
    </ClCompile>
    <ClCompile Include="services\BytecodeService.cpp">
      <Filter>services</Filter>
    </ClCompile>
    <ClCompile Include="services\BytecodeService_Metadata.cpp">
      <Filter>services</Filter>
    </ClCompile>
    <ClCompile Include="services\FileReader.cpp">
      <Filter>services</Filter>
    </ClCompile>
    <ClCompile Include="services\ImportManager.cpp">
      <Filter>services</Filter>
    </ClCompile>
    <ClCompile Include="services\ImportManager_Resolution.cpp">
      <Filter>services</Filter>
    </ClCompile>
    <ClCompile Include="services\ImportResolver.cpp">
      <Filter>services</Filter>
    </ClCompile>
    <ClCompile Include="services\NativeFunctionRegistry.cpp">
      <Filter>services</Filter>
    </ClCompile>
    <ClCompile Include="services\OptimizationService.cpp">
      <Filter>services</Filter>
    </ClCompile>
    <ClCompile Include="services\ScriptAPI.cpp">
      <Filter>services</Filter>
    </ClCompile>
    <ClCompile Include="services\ScriptAPI_Reflection.cpp">
      <Filter>services</Filter>
    </ClCompile>
    <ClCompile Include="services\ScriptInterpreter.cpp">
      <Filter>services</Filter>
    </ClCompile>
    <ClCompile Include="services\ScriptInterpreter_Api.cpp">
      <Filter>services</Filter>
    </ClCompile>
    <ClCompile Include="validation\AnnotationUsageValidator.cpp">
      <Filter>validation</Filter>
    </ClCompile>
    <ClCompile Include="validation\AnnotationValidator.cpp">
      <Filter>validation</Filter>
    </ClCompile>
    <ClCompile Include="validation\AnnotationValidator_Constraints.cpp">
      <Filter>validation</Filter>
    </ClCompile>
    <ClCompile Include="validation\builtins\BuiltInAnnotations.cpp">
      <Filter>validation\builtins</Filter>
    </ClCompile>
  </ItemGroup>
  <ItemGroup>
    <None Include="services\ScriptAPI.hpp~">
      <Filter>services</Filter>
    </None>
  </ItemGroup>
</Project>